# This file is automatically @generated by Poetry and should not be changed by hand.

[[package]]
name = "anyio"
version = "3.6.2"
description = "High level compatibility layer for multiple asynchronous event loop implementations"
category = "main"
optional = false
python-versions = ">=3.6.2"
files = [
    {file = "anyio-3.6.2-py3-none-any.whl", hash = "sha256:fbbe32bd270d2a2ef3ed1c5d45041250284e31fc0a4df4a5a6071842051a51e3"},
    {file = "anyio-3.6.2.tar.gz", hash = "sha256:25ea0d673ae30af41a0c442f81cf3b38c7e79fdc7b60335a4c14e05eb0947421"},
]

[package.dependencies]
idna = ">=2.8"
sniffio = ">=1.1"

[package.extras]
doc = ["packaging", "sphinx-autodoc-typehints (>=1.2.0)", "sphinx-rtd-theme"]
test = ["contextlib2", "coverage[toml] (>=4.5)", "hypothesis (>=4.0)", "mock (>=4)", "pytest (>=7.0)", "pytest-mock (>=3.6.1)", "trustme", "uvloop (<0.15)", "uvloop (>=0.15)"]
trio = ["trio (>=0.16,<0.22)"]

[[package]]
name = "certifi"
version = "2022.12.7"
description = "Python package for providing Mozilla's CA Bundle."
category = "main"
optional = false
python-versions = ">=3.6"
files = [
    {file = "certifi-2022.12.7-py3-none-any.whl", hash = "sha256:4ad3232f5e926d6718ec31cfc1fcadfde020920e278684144551c91769c7bc18"},
    {file = "certifi-2022.12.7.tar.gz", hash = "sha256:35824b4c3a97115964b408844d64aa14db1cc518f6562e8d7261699d1350a9e3"},
]

[[package]]
name = "h11"
version = "0.14.0"
description = "A pure-Python, bring-your-own-I/O implementation of HTTP/1.1"
category = "main"
optional = false
python-versions = ">=3.7"
files = [
    {file = "h11-0.14.0-py3-none-any.whl", hash = "sha256:e3fe4ac4b851c468cc8363d500db52c2ead036020723024a109d37346efaa761"},
    {file = "h11-0.14.0.tar.gz", hash = "sha256:8f19fbbe99e72420ff35c00b27a34cb9937e902a8b810e2c88300c6f0a3b699d"},
]

[[package]]
name = "httpcore"
version = "0.16.3"
description = "A minimal low-level HTTP client."
category = "main"
optional = false
python-versions = ">=3.7"
files = [
    {file = "httpcore-0.16.3-py3-none-any.whl", hash = "sha256:da1fb708784a938aa084bde4feb8317056c55037247c787bd7e19eb2c2949dc0"},
    {file = "httpcore-0.16.3.tar.gz", hash = "sha256:c5d6f04e2fc530f39e0c077e6a30caa53f1451096120f1f38b954afd0b17c0cb"},
]

[package.dependencies]
anyio = ">=3.0,<5.0"
certifi = "*"
h11 = ">=0.13,<0.15"
sniffio = ">=1.0.0,<2.0.0"

[package.extras]
http2 = ["h2 (>=3,<5)"]
socks = ["socksio (>=1.0.0,<2.0.0)"]

[[package]]
name = "httpx"
version = "0.23.3"
description = "The next generation HTTP client."
category = "main"
optional = false
python-versions = ">=3.7"
files = [
    {file = "httpx-0.23.3-py3-none-any.whl", hash = "sha256:a211fcce9b1254ea24f0cd6af9869b3d29aba40154e947d2a07bb499b3e310d6"},
    {file = "httpx-0.23.3.tar.gz", hash = "sha256:9818458eb565bb54898ccb9b8b251a28785dd4a55afbc23d0eb410754fe7d0f9"},
]

[package.dependencies]
certifi = "*"
httpcore = ">=0.15.0,<0.17.0"
rfc3986 = {version = ">=1.3,<2", extras = ["idna2008"]}
sniffio = "*"

[package.extras]
brotli = ["brotli", "brotlicffi"]
cli = ["click (>=8.0.0,<9.0.0)", "pygments (>=2.0.0,<3.0.0)", "rich (>=10,<13)"]
http2 = ["h2 (>=3,<5)"]
socks = ["socksio (>=1.0.0,<2.0.0)"]

[[package]]
name = "idna"
version = "3.4"
description = "Internationalized Domain Names in Applications (IDNA)"
category = "main"
optional = false
python-versions = ">=3.5"
files = [
    {file = "idna-3.4-py3-none-any.whl", hash = "sha256:90b77e79eaa3eba6de819a0c442c0b4ceefc341a7a2ab77d7562bf49f425c5c2"},
    {file = "idna-3.4.tar.gz", hash = "sha256:814f528e8dead7d329833b91c5faa87d60bf71824cd12a7530b5526063d02cb4"},
]

[[package]]
name = "isort"
version = "5.12.0"
description = "A Python utility / library to sort Python imports."
category = "dev"
optional = false
python-versions = ">=3.8.0"
files = [
    {file = "isort-5.12.0-py3-none-any.whl", hash = "sha256:f84c2818376e66cf843d497486ea8fed8700b340f308f076c6fb1229dff318b6"},
    {file = "isort-5.12.0.tar.gz", hash = "sha256:8bef7dde241278824a6d83f44a544709b065191b95b6e50894bdc722fcba0504"},
]

[package.extras]
colors = ["colorama (>=0.4.3)"]
pipfile-deprecated-finder = ["pip-shims (>=0.5.2)", "pipreqs", "requirementslib"]
plugins = ["setuptools"]
requirements-deprecated-finder = ["pip-api", "pipreqs"]

[[package]]
name = "pymupdf"
version = "1.21.1"
description = "Python bindings for the PDF toolkit and renderer MuPDF"
category = "main"
optional = false
python-versions = ">=3.7"
files = [
    {file = "PyMuPDF-1.21.1-cp310-cp310-macosx_10_9_x86_64.whl", hash = "sha256:e334e7baea701d4029faa034520c722c9c55e8315b7ccf4d1b686eba8e293f32"},
    {file = "PyMuPDF-1.21.1-cp310-cp310-macosx_11_0_arm64.whl", hash = "sha256:19fe49966f3a072a258cdfbab3d8c5b11cb7c2fb7c8e6abf3398d9e55af6f1ca"},
    {file = "PyMuPDF-1.21.1-cp310-cp310-manylinux_2_17_aarch64.manylinux2014_aarch64.whl", hash = "sha256:36181c4cb27740791d611d0224dd18ac78e23a1f06aa2151394c5b9194b4f885"},
    {file = "PyMuPDF-1.21.1-cp310-cp310-manylinux_2_17_x86_64.manylinux2014_x86_64.whl", hash = "sha256:e5273ff0c3bf08428ef956c4a5e5e0b475667cc3e1cb7b41d9f5131636996e59"},
    {file = "PyMuPDF-1.21.1-cp310-cp310-win32.whl", hash = "sha256:7e5a1ed49df5eee7834fb37adb5c94354e98b23fa997e67034b157790a31bbfc"},
    {file = "PyMuPDF-1.21.1-cp310-cp310-win_amd64.whl", hash = "sha256:c040c9ac98b7a1afc06fe55ffedbf6a305c24bf1c97597838f208c68035971f4"},
    {file = "PyMuPDF-1.21.1-cp311-cp311-macosx_10_9_x86_64.whl", hash = "sha256:ac2f61632bcd4c9532a26b52684ca05a4c8b7b96d6be947134b3e01a420904fd"},
    {file = "PyMuPDF-1.21.1-cp311-cp311-macosx_11_0_arm64.whl", hash = "sha256:eb29cbfd34d5ef99c657539c4f48953ea15f4b1e4e162b48efcffa5c4101ce1d"},
    {file = "PyMuPDF-1.21.1-cp311-cp311-manylinux_2_17_aarch64.manylinux2014_aarch64.whl", hash = "sha256:06860a8e60ba14f25aac5db90803d59b1a2fdac24c2b65dc6f9876ff36df586e"},
    {file = "PyMuPDF-1.21.1-cp311-cp311-manylinux_2_17_x86_64.manylinux2014_x86_64.whl", hash = "sha256:ff7d01cb563c3ca18880ba6a2661351f07b8a54f6599272be2e3568524e5e721"},
    {file = "PyMuPDF-1.21.1-cp311-cp311-win32.whl", hash = "sha256:1fc4c8aee186326b3f138be8a4ac16a343e76c8ec45b5afab2d105a5e3b02d80"},
    {file = "PyMuPDF-1.21.1-cp311-cp311-win_amd64.whl", hash = "sha256:dab0459791175dea813e6130e08b9026d3b9d66854f0dbb7ab51ab1619875d24"},
    {file = "PyMuPDF-1.21.1-cp37-cp37m-macosx_10_9_x86_64.whl", hash = "sha256:2a870f02b2767e9371bbb3d0263c3994f59679a64b1b9dd1a6b0d9a15c963d68"},
    {file = "PyMuPDF-1.21.1-cp37-cp37m-manylinux_2_17_aarch64.manylinux2014_aarch64.whl", hash = "sha256:f99e6c2109c38c17cd5f1b82c9d35f1e815a71a3464b765f41f3c8cf875dcf4c"},
    {file = "PyMuPDF-1.21.1-cp37-cp37m-manylinux_2_17_x86_64.manylinux2014_x86_64.whl", hash = "sha256:bf204723782ca481cd120e1ab124b0d59fd387103e15675ae462415bfa22b3a2"},
    {file = "PyMuPDF-1.21.1-cp37-cp37m-win32.whl", hash = "sha256:b2b197bb0f00159f4584f51c7bf4d897aa5fb88de3c1f964347047a710c1f1be"},
    {file = "PyMuPDF-1.21.1-cp37-cp37m-win_amd64.whl", hash = "sha256:dddd3fe6fa20b3e2642c10e66c97cfd3727010d3dafe653f16dce52396ef0208"},
    {file = "PyMuPDF-1.21.1-cp38-cp38-macosx_10_9_x86_64.whl", hash = "sha256:c09cbc7924ddf99452bb0d70438d64753815d75526d6d94293249f1665691d84"},
    {file = "PyMuPDF-1.21.1-cp38-cp38-macosx_11_0_arm64.whl", hash = "sha256:fdba6bf77d1d3cd57ea93181c494f4b138523000ff74b25c523be7dce0058ac9"},
    {file = "PyMuPDF-1.21.1-cp38-cp38-manylinux_2_17_aarch64.manylinux2014_aarch64.whl", hash = "sha256:0b08b6afbb656f0e4582a8ee44c2ce0ab6235bb81830ec92d79f6e4893db639c"},
    {file = "PyMuPDF-1.21.1-cp38-cp38-manylinux_2_17_x86_64.manylinux2014_x86_64.whl", hash = "sha256:0c85efbc08c83c8d91ae1cc7bb7e06c7cd7e203e9d0ed806ff22db173999f30c"},
    {file = "PyMuPDF-1.21.1-cp38-cp38-win32.whl", hash = "sha256:fa0334247549def667d9f5358e558ec93815c78cebdb927a81dda38d681bf550"},
    {file = "PyMuPDF-1.21.1-cp38-cp38-win_amd64.whl", hash = "sha256:d85c360abd72c14e302a2cefd02ebd01568f5c669700c7fc1ed056e9cdf3c285"},
    {file = "PyMuPDF-1.21.1-cp39-cp39-macosx_10_9_x86_64.whl", hash = "sha256:f3ffa9a8c643da39aba80e787d2c1771d5be07b0e15bf193ddd1fda888bbca88"},
    {file = "PyMuPDF-1.21.1-cp39-cp39-macosx_11_0_arm64.whl", hash = "sha256:18fbdcb35c144b26a3a507bfa73f98401a27819f29dca496eb470b9a1ec09fad"},
    {file = "PyMuPDF-1.21.1-cp39-cp39-manylinux_2_17_aarch64.manylinux2014_aarch64.whl", hash = "sha256:2bb5f9ce33054ebfbf63c41e68606d51e3ad5d85def0af5ebb6f0dd276e61037"},
    {file = "PyMuPDF-1.21.1-cp39-cp39-manylinux_2_17_x86_64.manylinux2014_x86_64.whl", hash = "sha256:2fbb96336c5cc065f6e5359f034a689e4d64ca7697dc5965b03f105b2ecb7ba1"},
    {file = "PyMuPDF-1.21.1-cp39-cp39-win32.whl", hash = "sha256:909afad284c24f25a831b37e433e444dc4cb5b3e38b3f761b1e4acad5c65327d"},
    {file = "PyMuPDF-1.21.1-cp39-cp39-win_amd64.whl", hash = "sha256:069ba56c28cb9b603d016c63f23a21bf22a00c5b2a92286bf3dd6a2759e119d4"},
    {file = "PyMuPDF-1.21.1.tar.gz", hash = "sha256:f815741a435c62a0036bbcbf5fa6c533567bd69c5338d413714fc57b22db93e0"},
]

[[package]]
name = "rfc3986"
version = "1.5.0"
description = "Validating URI References per RFC 3986"
category = "main"
optional = false
python-versions = "*"
files = [
    {file = "rfc3986-1.5.0-py2.py3-none-any.whl", hash = "sha256:a86d6e1f5b1dc238b218b012df0aa79409667bb209e58da56d0b94704e712a97"},
    {file = "rfc3986-1.5.0.tar.gz", hash = "sha256:270aaf10d87d0d4e095063c65bf3ddbc6ee3d0b226328ce21e036f946e421835"},
]

[package.dependencies]
idna = {version = "*", optional = true, markers = "extra == \"idna2008\""}

[package.extras]
idna2008 = ["idna"]

[[package]]
name = "sniffio"
version = "1.3.0"
description = "Sniff out which async library your code is running under"
category = "main"
optional = false
python-versions = ">=3.7"
files = [
    {file = "sniffio-1.3.0-py3-none-any.whl", hash = "sha256:eecefdce1e5bbfb7ad2eeaabf7c1eeb404d7757c379bd1f7e5cce9d8bf425384"},
    {file = "sniffio-1.3.0.tar.gz", hash = "sha256:e60305c5e5d314f5389259b7f22aaa33d8f7dee49763119234af3755c55b9101"},
]

[metadata]
lock-version = "2.0"
python-versions = "^3.11"
content-hash = "9693b72436795520dcf12fd170e6e912177ba73c1d5fa6269329ba0cda2134ec"
